
Microsoft Visual Studio Solution File, Format Version 12.00
# Visual Studio 15
VisualStudioVersion = 15.0.27703.2047
MinimumVisualStudioVersion = 10.0.40219.1
Project("{FAE04EC0-301F-11D3-BF4B-00C04F79EFBC}") = "InvoiceLab_ASP_NET_Core_RazorPage", "InvoiceLab_ASP_NET_Core_RazorPage\InvoiceLab_ASP_NET_Core_RazorPage.csproj", "{5A7E1EF9-BF3C-4848-808E-226C21BF6878}"
EndProject
Global
	GlobalSection(SolutionConfigurationPlatforms) = preSolution
		Debug|Any CPU = Debug|Any CPU
		Release|Any CPU = Release|Any CPU
	EndGlobalSection
	GlobalSection(ProjectConfigurationPlatforms) = postSolution
		{5A7E1EF9-BF3C-4848-808E-226C21BF6878}.Debug|Any CPU.ActiveCfg = Debug|Any CPU
		{5A7E1EF9-BF3C-4848-808E-226C21BF6878}.Debug|Any CPU.Build.0 = Debug|Any CPU
		{5A7E1EF9-BF3C-4848-808E-226C21BF6878}.Release|Any CPU.ActiveCfg = Release|Any CPU
		{5A7E1EF9-BF3C-4848-808E-226C21BF6878}.Release|Any CPU.Build.0 = Release|Any CPU
	EndGlobalSection
	GlobalSection(SolutionProperties) = preSolution
		HideSolutionNode = FALSE
	EndGlobalSection
	GlobalSection(ExtensibilityGlobals) = postSolution
		SolutionGuid = {E646F81F-78E7-4BAB-8F25-E784C94E81AF}
	EndGlobalSection
EndGlobal
